
Microsoft Visual Studio Solution File, Format Version 11.00
# Visual Studio 2010
Project("{FAE04EC0-301F-11D3-BF4B-00C04F79EFBC}") = "Blackbox", "Blackbox\Blackbox.csproj", "{C7A47328-0578-47A4-BFDB-13ADE55F02E6}"
EndProject
Project("{FAE04EC0-301F-11D3-BF4B-00C04F79EFBC}") = "Interfaces", "Interfaces\Interfaces.csproj", "{19B9613E-9556-49BA-A2C7-B0760C1CA921}"
EndProject
Project("{FAE04EC0-301F-11D3-BF4B-00C04F79EFBC}") = "TcpEmitter", "TcpEmitter\TcpEmitter.csproj", "{3413BEA9-87DF-4C1F-AD9F-063F5B27CB3C}"
EndProject
Project("{FAE04EC0-301F-11D3-BF4B-00C04F79EFBC}") = "TcpReceiver", "TcpReceiver\TcpReceiver.csproj", "{77B783FD-E393-4340-BE83-98C5A08BF014}"
EndProject
Project("{FAE04EC0-301F-11D3-BF4B-00C04F79EFBC}") = "TcpClient", "TcpClient\TcpClient.csproj", "{44DBCA66-7B03-41AF-A9D0-D3D635B5B806}"
EndProject
Project("{FAE04EC0-301F-11D3-BF4B-00C04F79EFBC}") = "Tests", "Tests\Tests.csproj", "{349AD4F1-3613-4148-B2EA-40E401B020BA}"
EndProject
Global
	GlobalSection(SolutionConfigurationPlatforms) = preSolution
		Debug|Any CPU = Debug|Any CPU
		Debug|Mixed Platforms = Debug|Mixed Platforms
		Debug|x86 = Debug|x86
		Release|Any CPU = Release|Any CPU
		Release|Mixed Platforms = Release|Mixed Platforms
		Release|x86 = Release|x86
	EndGlobalSection
	GlobalSection(ProjectConfigurationPlatforms) = postSolution
		{C7A47328-0578-47A4-BFDB-13ADE55F02E6}.Debug|Any CPU.ActiveCfg = Debug|x86
		{C7A47328-0578-47A4-BFDB-13ADE55F02E6}.Debug|Mixed Platforms.ActiveCfg = Debug|x86
		{C7A47328-0578-47A4-BFDB-13ADE55F02E6}.Debug|Mixed Platforms.Build.0 = Debug|x86
		{C7A47328-0578-47A4-BFDB-13ADE55F02E6}.Debug|x86.ActiveCfg = Debug|x86
		{C7A47328-0578-47A4-BFDB-13ADE55F02E6}.Debug|x86.Build.0 = Debug|x86
		{C7A47328-0578-47A4-BFDB-13ADE55F02E6}.Release|Any CPU.ActiveCfg = Release|x86
		{C7A47328-0578-47A4-BFDB-13ADE55F02E6}.Release|Mixed Platforms.ActiveCfg = Release|x86
		{C7A47328-0578-47A4-BFDB-13ADE55F02E6}.Release|Mixed Platforms.Build.0 = Release|x86
		{C7A47328-0578-47A4-BFDB-13ADE55F02E6}.Release|x86.ActiveCfg = Release|x86
		{C7A47328-0578-47A4-BFDB-13ADE55F02E6}.Release|x86.Build.0 = Release|x86
		{19B9613E-9556-49BA-A2C7-B0760C1CA921}.Debug|Any CPU.ActiveCfg = Debug|x86
		{19B9613E-9556-49BA-A2C7-B0760C1CA921}.Debug|Mixed Platforms.ActiveCfg = Debug|x86
		{19B9613E-9556-49BA-A2C7-B0760C1CA921}.Debug|Mixed Platforms.Build.0 = Debug|x86
		{19B9613E-9556-49BA-A2C7-B0760C1CA921}.Debug|x86.ActiveCfg = Debug|x86
		{19B9613E-9556-49BA-A2C7-B0760C1CA921}.Debug|x86.Build.0 = Debug|x86
		{19B9613E-9556-49BA-A2C7-B0760C1CA921}.Release|Any CPU.ActiveCfg = Release|x86
		{19B9613E-9556-49BA-A2C7-B0760C1CA921}.Release|Mixed Platforms.ActiveCfg = Release|x86
		{19B9613E-9556-49BA-A2C7-B0760C1CA921}.Release|Mixed Platforms.Build.0 = Release|x86
		{19B9613E-9556-49BA-A2C7-B0760C1CA921}.Release|x86.ActiveCfg = Release|x86
		{19B9613E-9556-49BA-A2C7-B0760C1CA921}.Release|x86.Build.0 = Release|x86
		{3413BEA9-87DF-4C1F-AD9F-063F5B27CB3C}.Debug|Any CPU.ActiveCfg = Debug|x86
		{3413BEA9-87DF-4C1F-AD9F-063F5B27CB3C}.Debug|Mixed Platforms.ActiveCfg = Debug|x86
		{3413BEA9-87DF-4C1F-AD9F-063F5B27CB3C}.Debug|Mixed Platforms.Build.0 = Debug|x86
		{3413BEA9-87DF-4C1F-AD9F-063F5B27CB3C}.Debug|x86.ActiveCfg = Debug|x86
		{3413BEA9-87DF-4C1F-AD9F-063F5B27CB3C}.Debug|x86.Build.0 = Debug|x86
		{3413BEA9-87DF-4C1F-AD9F-063F5B27CB3C}.Release|Any CPU.ActiveCfg = Release|x86
		{3413BEA9-87DF-4C1F-AD9F-063F5B27CB3C}.Release|Mixed Platforms.ActiveCfg = Release|x86
		{3413BEA9-87DF-4C1F-AD9F-063F5B27CB3C}.Release|Mixed Platforms.Build.0 = Release|x86
		{3413BEA9-87DF-4C1F-AD9F-063F5B27CB3C}.Release|x86.ActiveCfg = Release|x86
		{3413BEA9-87DF-4C1F-AD9F-063F5B27CB3C}.Release|x86.Build.0 = Release|x86
		{77B783FD-E393-4340-BE83-98C5A08BF014}.Debug|Any CPU.ActiveCfg = Debug|x86
		{77B783FD-E393-4340-BE83-98C5A08BF014}.Debug|Mixed Platforms.ActiveCfg = Debug|x86
		{77B783FD-E393-4340-BE83-98C5A08BF014}.Debug|Mixed Platforms.Build.0 = Debug|x86
		{77B783FD-E393-4340-BE83-98C5A08BF014}.Debug|x86.ActiveCfg = Debug|x86
		{77B783FD-E393-4340-BE83-98C5A08BF014}.Debug|x86.Build.0 = Debug|x86
		{77B783FD-E393-4340-BE83-98C5A08BF014}.Release|Any CPU.ActiveCfg = Release|x86
		{77B783FD-E393-4340-BE83-98C5A08BF014}.Release|Mixed Platforms.ActiveCfg = Release|x86
		{77B783FD-E393-4340-BE83-98C5A08BF014}.Release|Mixed Platforms.Build.0 = Release|x86
		{77B783FD-E393-4340-BE83-98C5A08BF014}.Release|x86.ActiveCfg = Release|x86
		{77B783FD-E393-4340-BE83-98C5A08BF014}.Release|x86.Build.0 = Release|x86
		{44DBCA66-7B03-41AF-A9D0-D3D635B5B806}.Debug|Any CPU.ActiveCfg = Debug|x86
		{44DBCA66-7B03-41AF-A9D0-D3D635B5B806}.Debug|Mixed Platforms.ActiveCfg = Debug|x86
		{44DBCA66-7B03-41AF-A9D0-D3D635B5B806}.Debug|Mixed Platforms.Build.0 = Debug|x86
		{44DBCA66-7B03-41AF-A9D0-D3D635B5B806}.Debug|x86.ActiveCfg = Debug|x86
		{44DBCA66-7B03-41AF-A9D0-D3D635B5B806}.Debug|x86.Build.0 = Debug|x86
		{44DBCA66-7B03-41AF-A9D0-D3D635B5B806}.Release|Any CPU.ActiveCfg = Release|x86
		{44DBCA66-7B03-41AF-A9D0-D3D635B5B806}.Release|Mixed Platforms.ActiveCfg = Release|x86
		{44DBCA66-7B03-41AF-A9D0-D3D635B5B806}.Release|Mixed Platforms.Build.0 = Release|x86
		{44DBCA66-7B03-41AF-A9D0-D3D635B5B806}.Release|x86.ActiveCfg = Release|x86
		{44DBCA66-7B03-41AF-A9D0-D3D635B5B806}.Release|x86.Build.0 = Release|x86
		{349AD4F1-3613-4148-B2EA-40E401B020BA}.Debug|Any CPU.ActiveCfg = Debug|Any CPU
		{349AD4F1-3613-4148-B2EA-40E401B020BA}.Debug|Any CPU.Build.0 = Debug|Any CPU
		{349AD4F1-3613-4148-B2EA-40E401B020BA}.Debug|Mixed Platforms.ActiveCfg = Debug|Any CPU
		{349AD4F1-3613-4148-B2EA-40E401B020BA}.Debug|Mixed Platforms.Build.0 = Debug|Any CPU
		{349AD4F1-3613-4148-B2EA-40E401B020BA}.Debug|x86.ActiveCfg = Debug|Any CPU
		{349AD4F1-3613-4148-B2EA-40E401B020BA}.Release|Any CPU.ActiveCfg = Release|Any CPU
		{349AD4F1-3613-4148-B2EA-40E401B020BA}.Release|Any CPU.Build.0 = Release|Any CPU
		{349AD4F1-3613-4148-B2EA-40E401B020BA}.Release|Mixed Platforms.ActiveCfg = Release|Any CPU
		{349AD4F1-3613-4148-B2EA-40E401B020BA}.Release|Mixed Platforms.Build.0 = Release|Any CPU
		{349AD4F1-3613-4148-B2EA-40E401B020BA}.Release|x86.ActiveCfg = Release|Any CPU
	EndGlobalSection
	GlobalSection(SolutionProperties) = preSolution
		HideSolutionNode = FALSE
	EndGlobalSection
EndGlobal
